// !$*UTF8*$!
{
	archiveVersion = 1;
	classes = {
	};
	objectVersion = 56;
	objects = {

/* Begin PBXBuildFile section */
		0435059F2A298D68005CBCAE /* UIView+Ext.swift in Sources */ = {isa = PBXBuildFile; fileRef = 0435059E2A298D68005CBCAE /* UIView+Ext.swift */; };
		043B0CAF2A307EFA00FCC53C /* Sample3.mp4 in Resources */ = {isa = PBXBuildFile; fileRef = 043B0CAE2A307EFA00FCC53C /* Sample3.mp4 */; };
		04B890562A2DA032008D7C7D /* AVPlayerManager.swift in Sources */ = {isa = PBXBuildFile; fileRef = 04B890552A2DA032008D7C7D /* AVPlayerManager.swift */; };
		04D491542A28916300490D84 /* AppDelegate.swift in Sources */ = {isa = PBXBuildFile; fileRef = 04D491532A28916300490D84 /* AppDelegate.swift */; };
		04D491562A28916300490D84 /* SceneDelegate.swift in Sources */ = {isa = PBXBuildFile; fileRef = 04D491552A28916300490D84 /* SceneDelegate.swift */; };
		04D491582A28916300490D84 /* VideoPlayerController.swift in Sources */ = {isa = PBXBuildFile; fileRef = 04D491572A28916300490D84 /* VideoPlayerController.swift */; };
		04D4915B2A28916300490D84 /* Main.storyboard in Resources */ = {isa = PBXBuildFile; fileRef = 04D491592A28916300490D84 /* Main.storyboard */; };
		04D4915D2A28916400490D84 /* Assets.xcassets in Resources */ = {isa = PBXBuildFile; fileRef = 04D4915C2A28916400490D84 /* Assets.xcassets */; };
		04D491602A28916400490D84 /* LaunchScreen.storyboard in Resources */ = {isa = PBXBuildFile; fileRef = 04D4915E2A28916400490D84 /* LaunchScreen.storyboard */; };
		04D5E4112A3326C700F84D06 /* Keys.swift in Sources */ = {isa = PBXBuildFile; fileRef = 04D5E4102A3326C700F84D06 /* Keys.swift */; };
		04F5ED1E2A32E6EF001309FA /* Utils.swift in Sources */ = {isa = PBXBuildFile; fileRef = 04F5ED1D2A32E6EF001309FA /* Utils.swift */; };
/* End PBXBuildFile section */

/* Begin PBXFileReference section */
		0435059E2A298D68005CBCAE /* UIView+Ext.swift */ = {isa = PBXFileReference; lastKnownFileType = sourcecode.swift; path = "UIView+Ext.swift"; sourceTree = "<group>"; };
		043B0CAE2A307EFA00FCC53C /* Sample3.mp4 */ = {isa = PBXFileReference; lastKnownFileType = file; path = Sample3.mp4; sourceTree = "<group>"; };
		04B890552A2DA032008D7C7D /* AVPlayerManager.swift */ = {isa = PBXFileReference; lastKnownFileType = sourcecode.swift; path = AVPlayerManager.swift; sourceTree = "<group>"; };
		04D491502A28916300490D84 /* AVPlayerDemo.app */ = {isa = PBXFileReference; explicitFileType = wrapper.application; includeInIndex = 0; path = AVPlayerDemo.app; sourceTree = BUILT_PRODUCTS_DIR; };
		04D491532A28916300490D84 /* AppDelegate.swift */ = {isa = PBXFileReference; lastKnownFileType = sourcecode.swift; path = AppDelegate.swift; sourceTree = "<group>"; };
		04D491552A28916300490D84 /* SceneDelegate.swift */ = {isa = PBXFileReference; lastKnownFileType = sourcecode.swift; path = SceneDelegate.swift; sourceTree = "<group>"; };
		04D491572A28916300490D84 /* VideoPlayerController.swift */ = {isa = PBXFileReference; lastKnownFileType = sourcecode.swift; path = VideoPlayerController.swift; sourceTree = "<group>"; wrapsLines = 0; };
		04D4915A2A28916300490D84 /* Base */ = {isa = PBXFileReference; lastKnownFileType = file.storyboard; name = Base; path = Base.lproj/Main.storyboard; sourceTree = "<group>"; };
		04D4915C2A28916400490D84 /* Assets.xcassets */ = {isa = PBXFileReference; lastKnownFileType = folder.assetcatalog; path = Assets.xcassets; sourceTree = "<group>"; };
		04D4915F2A28916400490D84 /* Base */ = {isa = PBXFileReference; lastKnownFileType = file.storyboard; name = Base; path = Base.lproj/LaunchScreen.storyboard; sourceTree = "<group>"; };
		04D491612A28916400490D84 /* Info.plist */ = {isa = PBXFileReference; lastKnownFileType = text.plist.xml; path = Info.plist; sourceTree = "<group>"; };
		04D5E4102A3326C700F84D06 /* Keys.swift */ = {isa = PBXFileReference; lastKnownFileType = sourcecode.swift; path = Keys.swift; sourceTree = "<group>"; };
		04F5ED1D2A32E6EF001309FA /* Utils.swift */ = {isa = PBXFileReference; lastKnownFileType = sourcecode.swift; path = Utils.swift; sourceTree = "<group>"; };
/* End PBXFileReference section */

/* Begin PBXFrameworksBuildPhase section */
		04D4914D2A28916300490D84 /* Frameworks */ = {
			isa = PBXFrameworksBuildPhase;
			buildActionMask = 2147483647;
			files = (
			);
			runOnlyForDeploymentPostprocessing = 0;
		};
/* End PBXFrameworksBuildPhase section */

/* Begin PBXGroup section */
		042D90A02A309105005FBC28 /* Controller */ = {
			isa = PBXGroup;
			children = (
				04D491572A28916300490D84 /* VideoPlayerController.swift */,
			);
			path = Controller;
			sourceTree = "<group>";
		};
		042D90A12A309112005FBC28 /* Delegate */ = {
			isa = PBXGroup;
			children = (
				04D491552A28916300490D84 /* SceneDelegate.swift */,
				04D491532A28916300490D84 /* AppDelegate.swift */,
			);
			path = Delegate;
			sourceTree = "<group>";
		};
		042D90A22A309122005FBC28 /* Resources */ = {
			isa = PBXGroup;
			children = (
				043B0CAE2A307EFA00FCC53C /* Sample3.mp4 */,
			);
			path = Resources;
			sourceTree = "<group>";
		};
		042D90A32A309132005FBC28 /* Components */ = {
			isa = PBXGroup;
			children = (
				04B890552A2DA032008D7C7D /* AVPlayerManager.swift */,
			);
			path = Components;
			sourceTree = "<group>";
		};
		042D90A42A309140005FBC28 /* Utilities */ = {
			isa = PBXGroup;
			children = (
				0435059E2A298D68005CBCAE /* UIView+Ext.swift */,
				04F5ED1D2A32E6EF001309FA /* Utils.swift */,
			);
			path = Utilities;
			sourceTree = "<group>";
		};
		04D491472A28916300490D84 = {
			isa = PBXGroup;
			children = (
				04D491522A28916300490D84 /* AVPlayerDemo */,
				04D491512A28916300490D84 /* Products */,
			);
			sourceTree = "<group>";
		};
		04D491512A28916300490D84 /* Products */ = {
			isa = PBXGroup;
			children = (
				04D491502A28916300490D84 /* AVPlayerDemo.app */,
			);
			name = Products;
			sourceTree = "<group>";
		};
		04D491522A28916300490D84 /* AVPlayerDemo */ = {
			isa = PBXGroup;
			children = (
				04D5E40F2A3326A800F84D06 /* Models */,
				042D90A42A309140005FBC28 /* Utilities */,
				042D90A32A309132005FBC28 /* Components */,
				042D90A22A309122005FBC28 /* Resources */,
				042D90A12A309112005FBC28 /* Delegate */,
				042D90A02A309105005FBC28 /* Controller */,
				04D491592A28916300490D84 /* Main.storyboard */,
				04D4915C2A28916400490D84 /* Assets.xcassets */,
				04D4915E2A28916400490D84 /* LaunchScreen.storyboard */,
				04D491612A28916400490D84 /* Info.plist */,
			);
			path = AVPlayerDemo;
			sourceTree = "<group>";
		};
		04D5E40F2A3326A800F84D06 /* Models */ = {
			isa = PBXGroup;
			children = (
				04D5E4102A3326C700F84D06 /* Keys.swift */,
			);
			path = Models;
			sourceTree = "<group>";
		};
/* End PBXGroup section */

/* Begin PBXNativeTarget section */
		04D4914F2A28916300490D84 /* AVPlayerDemo */ = {
			isa = PBXNativeTarget;
			buildConfigurationList = 04D491642A28916400490D84 /* Build configuration list for PBXNativeTarget "AVPlayerDemo" */;
			buildPhases = (
				04D4914C2A28916300490D84 /* Sources */,
				04D4914D2A28916300490D84 /* Frameworks */,
				04D4914E2A28916300490D84 /* Resources */,
			);
			buildRules = (
			);
			dependencies = (
			);
			name = AVPlayerDemo;
			productName = AVPlayerDemo;
			productReference = 04D491502A28916300490D84 /* AVPlayerDemo.app */;
			productType = "com.apple.product-type.application";
		};
/* End PBXNativeTarget section */

/* Begin PBXProject section */
		04D491482A28916300490D84 /* Project object */ = {
			isa = PBXProject;
			attributes = {
				BuildIndependentTargetsInParallel = 1;
				LastSwiftUpdateCheck = 1420;
				LastUpgradeCheck = 1420;
				TargetAttributes = {
					04D4914F2A28916300490D84 = {
						CreatedOnToolsVersion = 14.2;
					};
				};
			};
			buildConfigurationList = 04D4914B2A28916300490D84 /* Build configuration list for PBXProject "AVPlayerDemo" */;
			compatibilityVersion = "Xcode 14.0";
			developmentRegion = en;
			hasScannedForEncodings = 0;
			knownRegions = (
				en,
				Base,
			);
			mainGroup = 04D491472A28916300490D84;
			productRefGroup = 04D491512A28916300490D84 /* Products */;
			projectDirPath = "";
			projectRoot = "";
			targets = (
				04D4914F2A28916300490D84 /* AVPlayerDemo */,
			);
		};
/* End PBXProject section */

/* Begin PBXResourcesBuildPhase section */
		04D4914E2A28916300490D84 /* Resources */ = {
			isa = PBXResourcesBuildPhase;
			buildActionMask = 2147483647;
			files = (
				04D491602A28916400490D84 /* LaunchScreen.storyboard in Resources */,
				04D4915D2A28916400490D84 /* Assets.xcassets in Resources */,
				04D4915B2A28916300490D84 /* Main.storyboard in Resources */,
				043B0CAF2A307EFA00FCC53C /* Sample3.mp4 in Resources */,
			);
			runOnlyForDeploymentPostprocessing = 0;
		};
/* End PBXResourcesBuildPhase section */

/* Begin PBXSourcesBuildPhase section */
		04D4914C2A28916300490D84 /* Sources */ = {
			isa = PBXSourcesBuildPhase;
			buildActionMask = 2147483647;
			files = (
				0435059F2A298D68005CBCAE /* UIView+Ext.swift in Sources */,
				04D491582A28916300490D84 /* VideoPlayerController.swift in Sources */,
				04F5ED1E2A32E6EF001309FA /* Utils.swift in Sources */,
				04B890562A2DA032008D7C7D /* AVPlayerManager.swift in Sources */,
				04D5E4112A3326C700F84D06 /* Keys.swift in Sources */,
				04D491542A28916300490D84 /* AppDelegate.swift in Sources */,
				04D491562A28916300490D84 /* SceneDelegate.swift in Sources */,
			);
			runOnlyForDeploymentPostprocessing = 0;
		};
/* End PBXSourcesBuildPhase section */

/* Begin PBXVariantGroup section */
		04D491592A28916300490D84 /* Main.storyboard */ = {
			isa = PBXVariantGroup;
			children = (
				04D4915A2A28916300490D84 /* Base */,
			);
			name = Main.storyboard;
			sourceTree = "<group>";
		};
		04D4915E2A28916400490D84 /* LaunchScreen.storyboard */ = {
			isa = PBXVariantGroup;
			children = (
				04D4915F2A28916400490D84 /* Base */,
			);
			name = LaunchScreen.storyboard;
			sourceTree = "<group>";
		};
/* End PBXVariantGroup section */

/* Begin XCBuildConfiguration section */
		04D491622A28916400490D84 /* Debug */ = {
			isa = XCBuildConfiguration;
			buildSettings = {
				ALWAYS_SEARCH_USER_PATHS = NO;
				CLANG_ANALYZER_NONNULL = YES;
				CLANG_ANALYZER_NUMBER_OBJECT_CONVERSION = YES_AGGRESSIVE;
				CLANG_CXX_LANGUAGE_STANDARD = "gnu++20";
				CLANG_ENABLE_MODULES = YES;
				CLANG_ENABLE_OBJC_ARC = YES;
				CLANG_ENABLE_OBJC_WEAK = YES;
				CLANG_WARN_BLOCK_CAPTURE_AUTORELEASING = YES;
				CLANG_WARN_BOOL_CONVERSION = YES;
				CLANG_WARN_COMMA = YES;
				CLANG_WARN_CONSTANT_CONVERSION = YES;
				CLANG_WARN_DEPRECATED_OBJC_IMPLEMENTATIONS = YES;
				CLANG_WARN_DIRECT_OBJC_ISA_USAGE = YES_ERROR;
				CLANG_WARN_DOCUMENTATION_COMMENTS = YES;
				CLANG_WARN_EMPTY_BODY = YES;
				CLANG_WARN_ENUM_CONVERSION = YES;
				CLANG_WARN_INFINITE_RECURSION = YES;
				CLANG_WARN_INT_CONVERSION = YES;
				CLANG_WARN_NON_LITERAL_NULL_CONVERSION = YES;
				CLANG_WARN_OBJC_IMPLICIT_RETAIN_SELF = YES;
				CLANG_WARN_OBJC_LITERAL_CONVERSION = YES;
				CLANG_WARN_OBJC_ROOT_CLASS = YES_ERROR;
				CLANG_WARN_QUOTED_INCLUDE_IN_FRAMEWORK_HEADER = YES;
				CLANG_WARN_RANGE_LOOP_ANALYSIS = YES;
				CLANG_WARN_STRICT_PROTOTYPES = YES;
				CLANG_WARN_SUSPICIOUS_MOVE = YES;
				CLANG_WARN_UNGUARDED_AVAILABILITY = YES_AGGRESSIVE;
				CLANG_WARN_UNREACHABLE_CODE = YES;
				CLANG_WARN__DUPLICATE_METHOD_MATCH = YES;
				COPY_PHASE_STRIP = NO;
				DEBUG_INFORMATION_FORMAT = dwarf;
				ENABLE_STRICT_OBJC_MSGSEND = YES;
				ENABLE_TESTABILITY = YES;
				GCC_C_LANGUAGE_STANDARD = gnu11;
				GCC_DYNAMIC_NO_PIC = NO;
				GCC_NO_COMMON_BLOCKS = YES;
				GCC_OPTIMIZATION_LEVEL = 0;
				GCC_PREPROCESSOR_DEFINITIONS = (
					"DEBUG=1",
					"$(inherited)",
				);
				GCC_WARN_64_TO_32_BIT_CONVERSION = YES;
				GCC_WARN_ABOUT_RETURN_TYPE = YES_ERROR;
				GCC_WARN_UNDECLARED_SELECTOR = YES;
				GCC_WARN_UNINITIALIZED_AUTOS = YES_AGGRESSIVE;
				GCC_WARN_UNUSED_FUNCTION = YES;
				GCC_WARN_UNUSED_VARIABLE = YES;
				IPHONEOS_DEPLOYMENT_TARGET = 16.2;
				MTL_ENABLE_DEBUG_INFO = INCLUDE_SOURCE;
				MTL_FAST_MATH = YES;
				ONLY_ACTIVE_ARCH = YES;
				SDKROOT = iphoneos;
				SWIFT_ACTIVE_COMPILATION_CONDITIONS = DEBUG;
				SWIFT_OPTIMIZATION_LEVEL = "-Onone";
			};
			name = Debug;
		};
		04D491632A28916400490D84 /* Release */ = {
			isa = XCBuildConfiguration;
			buildSettings = {
				ALWAYS_SEARCH_USER_PATHS = NO;
				CLANG_ANALYZER_NONNULL = YES;
				CLANG_ANALYZER_NUMBER_OBJECT_CONVERSION = YES_AGGRESSIVE;
				CLANG_CXX_LANGUAGE_STANDARD = "gnu++20";
				CLANG_ENABLE_MODULES = YES;
				CLANG_ENABLE_OBJC_ARC = YES;
				CLANG_ENABLE_OBJC_WEAK = YES;
				CLANG_WARN_BLOCK_CAPTURE_AUTORELEASING = YES;
				CLANG_WARN_BOOL_CONVERSION = YES;
				CLANG_WARN_COMMA = YES;
				CLANG_WARN_CONSTANT_CONVERSION = YES;
				CLANG_WARN_DEPRECATED_OBJC_IMPLEMENTATIONS = YES;
				CLANG_WARN_DIRECT_OBJC_ISA_USAGE = YES_ERROR;
				CLANG_WARN_DOCUMENTATION_COMMENTS = YES;
				CLANG_WARN_EMPTY_BODY = YES;
				CLANG_WARN_ENUM_CONVERSION = YES;
				CLANG_WARN_INFINITE_RECURSION = YES;
				CLANG_WARN_INT_CONVERSION = YES;
				CLANG_WARN_NON_LITERAL_NULL_CONVERSION = YES;
				CLANG_WARN_OBJC_IMPLICIT_RETAIN_SELF = YES;
				CLANG_WARN_OBJC_LITERAL_CONVERSION = YES;
				CLANG_WARN_OBJC_ROOT_CLASS = YES_ERROR;
				CLANG_WARN_QUOTED_INCLUDE_IN_FRAMEWORK_HEADER = YES;
				CLANG_WARN_RANGE_LOOP_ANALYSIS = YES;
				CLANG_WARN_STRICT_PROTOTYPES = YES;
				CLANG_WARN_SUSPICIOUS_MOVE = YES;
				CLANG_WARN_UNGUARDED_AVAILABILITY = YES_AGGRESSIVE;
				CLANG_WARN_UNREACHABLE_CODE = YES;
				CLANG_WARN__DUPLICATE_METHOD_MATCH = YES;
				COPY_PHASE_STRIP = NO;
				DEBUG_INFORMATION_FORMAT = "dwarf-with-dsym";
				ENABLE_NS_ASSERTIONS = NO;
				ENABLE_STRICT_OBJC_MSGSEND = YES;
				GCC_C_LANGUAGE_STANDARD = gnu11;
				GCC_NO_COMMON_BLOCKS = YES;
				GCC_WARN_64_TO_32_BIT_CONVERSION = YES;
				GCC_WARN_ABOUT_RETURN_TYPE = YES_ERROR;
				GCC_WARN_UNDECLARED_SELECTOR = YES;
				GCC_WARN_UNINITIALIZED_AUTOS = YES_AGGRESSIVE;
				GCC_WARN_UNUSED_FUNCTION = YES;
				GCC_WARN_UNUSED_VARIABLE = YES;
				IPHONEOS_DEPLOYMENT_TARGET = 16.2;
				MTL_ENABLE_DEBUG_INFO = NO;
				MTL_FAST_MATH = YES;
				SDKROOT = iphoneos;
				SWIFT_COMPILATION_MODE = wholemodule;
				SWIFT_OPTIMIZATION_LEVEL = "-O";
				VALIDATE_PRODUCT = YES;
			};
			name = Release;
		};
		04D491652A28916400490D84 /* Debug */ = {
			isa = XCBuildConfiguration;
			buildSettings = {
				ASSETCATALOG_COMPILER_APPICON_NAME = AppIcon;
				ASSETCATALOG_COMPILER_GLOBAL_ACCENT_COLOR_NAME = AccentColor;
				CODE_SIGN_STYLE = Automatic;
				CURRENT_PROJECT_VERSION = 1;
				DEVELOPMENT_TEAM = JA2RQD88H5;
				GENERATE_INFOPLIST_FILE = YES;
				INFOPLIST_FILE = AVPlayerDemo/Info.plist;
				INFOPLIST_KEY_UIApplicationSupportsIndirectInputEvents = YES;
				INFOPLIST_KEY_UILaunchStoryboardName = LaunchScreen;
				INFOPLIST_KEY_UIMainStoryboardFile = Main;
				INFOPLIST_KEY_UISupportedInterfaceOrientations_iPad = "UIInterfaceOrientationPortrait UIInterfaceOrientationPortraitUpsideDown UIInterfaceOrientationLandscapeLeft UIInterfaceOrientationLandscapeRight";
				INFOPLIST_KEY_UISupportedInterfaceOrientations_iPhone = "UIInterfaceOrientationPortrait UIInterfaceOrientationLandscapeLeft UIInterfaceOrientationLandscapeRight";
				LD_RUNPATH_SEARCH_PATHS = (
					"$(inherited)",
					"@executable_path/Frameworks",
				);
				MARKETING_VERSION = 1.0;
				PRODUCT_BUNDLE_IDENTIFIER = com.bjit.AVPlayerDemo;
				PRODUCT_NAME = "$(TARGET_NAME)";
				SWIFT_EMIT_LOC_STRINGS = YES;
				SWIFT_VERSION = 5.0;
				TARGETED_DEVICE_FAMILY = "1,2";
			};
			name = Debug;
		};
		04D491662A28916400490D84 /* Release */ = {
			isa = XCBuildConfiguration;
			buildSettings = {
				ASSETCATALOG_COMPILER_APPICON_NAME = AppIcon;
				ASSETCATALOG_COMPILER_GLOBAL_ACCENT_COLOR_NAME = AccentColor;
				CODE_SIGN_STYLE = Automatic;
				CURRENT_PROJECT_VERSION = 1;
				DEVELOPMENT_TEAM = JA2RQD88H5;
				GENERATE_INFOPLIST_FILE = YES;
				INFOPLIST_FILE = AVPlayerDemo/Info.plist;
				INFOPLIST_KEY_UIApplicationSupportsIndirectInputEvents = YES;
				INFOPLIST_KEY_UILaunchStoryboardName = LaunchScreen;
				INFOPLIST_KEY_UIMainStoryboardFile = Main;
				INFOPLIST_KEY_UISupportedInterfaceOrientations_iPad = "UIInterfaceOrientationPortrait UIInterfaceOrientationPortraitUpsideDown UIInterfaceOrientationLandscapeLeft UIInterfaceOrientationLandscapeRight";
				INFOPLIST_KEY_UISupportedInterfaceOrientations_iPhone = "UIInterfaceOrientationPortrait UIInterfaceOrientationLandscapeLeft UIInterfaceOrientationLandscapeRight";
				LD_RUNPATH_SEARCH_PATHS = (
					"$(inherited)",
					"@executable_path/Frameworks",
				);
				MARKETING_VERSION = 1.0;
				PRODUCT_BUNDLE_IDENTIFIER = com.bjit.AVPlayerDemo;
				PRODUCT_NAME = "$(TARGET_NAME)";
				SWIFT_EMIT_LOC_STRINGS = YES;
				SWIFT_VERSION = 5.0;
				TARGETED_DEVICE_FAMILY = "1,2";
			};
			name = Release;
		};
/* End XCBuildConfiguration section */

/* Begin XCConfigurationList section */
		04D4914B2A28916300490D84 /* Build configuration list for PBXProject "AVPlayerDemo" */ = {
			isa = XCConfigurationList;
			buildConfigurations = (
				04D491622A28916400490D84 /* Debug */,
				04D491632A28916400490D84 /* Release */,
			);
			defaultConfigurationIsVisible = 0;
			defaultConfigurationName = Release;
		};
		04D491642A28916400490D84 /* Build configuration list for PBXNativeTarget "AVPlayerDemo" */ = {
			isa = XCConfigurationList;
			buildConfigurations = (
				04D491652A28916400490D84 /* Debug */,
				04D491662A28916400490D84 /* Release */,
			);
			defaultConfigurationIsVisible = 0;
			defaultConfigurationName = Release;
		};
/* End XCConfigurationList section */
	};
	rootObject = 04D491482A28916300490D84 /* Project object */;
}
